// !$*UTF8*$!
{
	archiveVersion = 1;
	classes = {
	};
	objectVersion = 50;
	objects = {

/* Begin PBXBuildFile section */
		9A19228421736ED1002B9031 /* AppDelegate.swift in Sources */ = {isa = PBXBuildFile; fileRef = 9A19228321736ED1002B9031 /* AppDelegate.swift */; };
		9A19228621736ED1002B9031 /* MasterViewController.swift in Sources */ = {isa = PBXBuildFile; fileRef = 9A19228521736ED1002B9031 /* MasterViewController.swift */; };
		9A19228821736ED1002B9031 /* DetailViewController.swift in Sources */ = {isa = PBXBuildFile; fileRef = 9A19228721736ED1002B9031 /* DetailViewController.swift */; };
		9A19228B21736ED1002B9031 /* Main.storyboard in Resources */ = {isa = PBXBuildFile; fileRef = 9A19228921736ED1002B9031 /* Main.storyboard */; };
		9A19228D21736ED3002B9031 /* Assets.xcassets in Resources */ = {isa = PBXBuildFile; fileRef = 9A19228C21736ED3002B9031 /* Assets.xcassets */; };
		9A19229021736ED3002B9031 /* LaunchScreen.storyboard in Resources */ = {isa = PBXBuildFile; fileRef = 9A19228E21736ED3002B9031 /* LaunchScreen.storyboard */; };
		9A19229D217386CA002B9031 /* DataProvider.swift in Sources */ = {isa = PBXBuildFile; fileRef = 9A19229B217386CA002B9031 /* DataProvider.swift */; };
		9A19229E217386CA002B9031 /* PersonData.swift in Sources */ = {isa = PBXBuildFile; fileRef = 9A19229C217386CA002B9031 /* PersonData.swift */; };
/* End PBXBuildFile section */

/* Begin PBXFileReference section */
		9A19228021736ED1002B9031 /* EditLits.app */ = {isa = PBXFileReference; explicitFileType = wrapper.application; includeInIndex = 0; path = EditLits.app; sourceTree = BUILT_PRODUCTS_DIR; };
		9A19228321736ED1002B9031 /* AppDelegate.swift */ = {isa = PBXFileReference; lastKnownFileType = sourcecode.swift; path = AppDelegate.swift; sourceTree = "<group>"; };
		9A19228521736ED1002B9031 /* MasterViewController.swift */ = {isa = PBXFileReference; lastKnownFileType = sourcecode.swift; path = MasterViewController.swift; sourceTree = "<group>"; };
		9A19228721736ED1002B9031 /* DetailViewController.swift */ = {isa = PBXFileReference; lastKnownFileType = sourcecode.swift; path = DetailViewController.swift; sourceTree = "<group>"; };
		9A19228A21736ED1002B9031 /* Base */ = {isa = PBXFileReference; lastKnownFileType = file.storyboard; name = Base; path = Base.lproj/Main.storyboard; sourceTree = "<group>"; };
		9A19228C21736ED3002B9031 /* Assets.xcassets */ = {isa = PBXFileReference; lastKnownFileType = folder.assetcatalog; path = Assets.xcassets; sourceTree = "<group>"; };
		9A19228F21736ED3002B9031 /* Base */ = {isa = PBXFileReference; lastKnownFileType = file.storyboard; name = Base; path = Base.lproj/LaunchScreen.storyboard; sourceTree = "<group>"; };
		9A19229121736ED3002B9031 /* Info.plist */ = {isa = PBXFileReference; lastKnownFileType = text.plist.xml; path = Info.plist; sourceTree = "<group>"; };
		9A19229B217386CA002B9031 /* DataProvider.swift */ = {isa = PBXFileReference; fileEncoding = 4; lastKnownFileType = sourcecode.swift; path = DataProvider.swift; sourceTree = "<group>"; };
		9A19229C217386CA002B9031 /* PersonData.swift */ = {isa = PBXFileReference; fileEncoding = 4; lastKnownFileType = sourcecode.swift; path = PersonData.swift; sourceTree = "<group>"; };
/* End PBXFileReference section */

/* Begin PBXFrameworksBuildPhase section */
		9A19227D21736ED1002B9031 /* Frameworks */ = {
			isa = PBXFrameworksBuildPhase;
			buildActionMask = 2147483647;
			files = (
			);
			runOnlyForDeploymentPostprocessing = 0;
		};
/* End PBXFrameworksBuildPhase section */

/* Begin PBXGroup section */
		9A19227721736ED1002B9031 = {
			isa = PBXGroup;
			children = (
				9A19228221736ED1002B9031 /* EditLits */,
				9A19228121736ED1002B9031 /* Products */,
			);
			sourceTree = "<group>";
		};
		9A19228121736ED1002B9031 /* Products */ = {
			isa = PBXGroup;
			children = (
				9A19228021736ED1002B9031 /* EditLits.app */,
			);
			name = Products;
			sourceTree = "<group>";
		};
		9A19228221736ED1002B9031 /* EditLits */ = {
			isa = PBXGroup;
			children = (
				9A19229B217386CA002B9031 /* DataProvider.swift */,
				9A19229C217386CA002B9031 /* PersonData.swift */,
				9A19228321736ED1002B9031 /* AppDelegate.swift */,
				9A19228521736ED1002B9031 /* MasterViewController.swift */,
				9A19228721736ED1002B9031 /* DetailViewController.swift */,
				9A19228921736ED1002B9031 /* Main.storyboard */,
				9A19228C21736ED3002B9031 /* Assets.xcassets */,
				9A19228E21736ED3002B9031 /* LaunchScreen.storyboard */,
				9A19229121736ED3002B9031 /* Info.plist */,
			);
			path = EditLits;
			sourceTree = "<group>";
		};
/* End PBXGroup section */

/* Begin PBXNativeTarget section */
		9A19227F21736ED1002B9031 /* EditLits */ = {
			isa = PBXNativeTarget;
			buildConfigurationList = 9A19229421736ED3002B9031 /* Build configuration list for PBXNativeTarget "EditLits" */;
			buildPhases = (
				9A19227C21736ED1002B9031 /* Sources */,
				9A19227D21736ED1002B9031 /* Frameworks */,
				9A19227E21736ED1002B9031 /* Resources */,
			);
			buildRules = (
			);
			dependencies = (
			);
			name = EditLits;
			productName = EditLits;
			productReference = 9A19228021736ED1002B9031 /* EditLits.app */;
			productType = "com.apple.product-type.application";
		};
/* End PBXNativeTarget section */

/* Begin PBXProject section */
		9A19227821736ED1002B9031 /* Project object */ = {
			isa = PBXProject;
			attributes = {
				LastSwiftUpdateCheck = 1000;
				LastUpgradeCheck = 1000;
				ORGANIZATIONNAME = "Flavio Lazzarini";
				TargetAttributes = {
					9A19227F21736ED1002B9031 = {
						CreatedOnToolsVersion = 10.0;
					};
				};
			};
			buildConfigurationList = 9A19227B21736ED1002B9031 /* Build configuration list for PBXProject "EditLits" */;
			compatibilityVersion = "Xcode 9.3";
			developmentRegion = en;
			hasScannedForEncodings = 0;
			knownRegions = (
				en,
				Base,
			);
			mainGroup = 9A19227721736ED1002B9031;
			productRefGroup = 9A19228121736ED1002B9031 /* Products */;
			projectDirPath = "";
			projectRoot = "";
			targets = (
				9A19227F21736ED1002B9031 /* EditLits */,
			);
		};
/* End PBXProject section */

/* Begin PBXResourcesBuildPhase section */
		9A19227E21736ED1002B9031 /* Resources */ = {
			isa = PBXResourcesBuildPhase;
			buildActionMask = 2147483647;
			files = (
				9A19229021736ED3002B9031 /* LaunchScreen.storyboard in Resources */,
				9A19228D21736ED3002B9031 /* Assets.xcassets in Resources */,
				9A19228B21736ED1002B9031 /* Main.storyboard in Resources */,
			);
			runOnlyForDeploymentPostprocessing = 0;
		};
/* End PBXResourcesBuildPhase section */

/* Begin PBXSourcesBuildPhase section */
		9A19227C21736ED1002B9031 /* Sources */ = {
			isa = PBXSourcesBuildPhase;
			buildActionMask = 2147483647;
			files = (
				9A19228821736ED1002B9031 /* DetailViewController.swift in Sources */,
				9A19228621736ED1002B9031 /* MasterViewController.swift in Sources */,
				9A19229D217386CA002B9031 /* DataProvider.swift in Sources */,
				9A19229E217386CA002B9031 /* PersonData.swift in Sources */,
				9A19228421736ED1002B9031 /* AppDelegate.swift in Sources */,
			);
			runOnlyForDeploymentPostprocessing = 0;
		};
/* End PBXSourcesBuildPhase section */

/* Begin PBXVariantGroup section */
		9A19228921736ED1002B9031 /* Main.storyboard */ = {
			isa = PBXVariantGroup;
			children = (
				9A19228A21736ED1002B9031 /* Base */,
			);
			name = Main.storyboard;
			sourceTree = "<group>";
		};
		9A19228E21736ED3002B9031 /* LaunchScreen.storyboard */ = {
			isa = PBXVariantGroup;
			children = (
				9A19228F21736ED3002B9031 /* Base */,
			);
			name = LaunchScreen.storyboard;
			sourceTree = "<group>";
		};
/* End PBXVariantGroup section */

/* Begin XCBuildConfiguration section */
		9A19229221736ED3002B9031 /* Debug */ = {
			isa = XCBuildConfiguration;
			buildSettings = {
				ALWAYS_SEARCH_USER_PATHS = NO;
				CLANG_ANALYZER_NONNULL = YES;
				CLANG_ANALYZER_NUMBER_OBJECT_CONVERSION = YES_AGGRESSIVE;
				CLANG_CXX_LANGUAGE_STANDARD = "gnu++14";
				CLANG_CXX_LIBRARY = "libc++";
				CLANG_ENABLE_MODULES = YES;
				CLANG_ENABLE_OBJC_ARC = YES;
				CLANG_ENABLE_OBJC_WEAK = YES;
				CLANG_WARN_BLOCK_CAPTURE_AUTORELEASING = YES;
				CLANG_WARN_BOOL_CONVERSION = YES;
				CLANG_WARN_COMMA = YES;
				CLANG_WARN_CONSTANT_CONVERSION = YES;
				CLANG_WARN_DEPRECATED_OBJC_IMPLEMENTATIONS = YES;
				CLANG_WARN_DIRECT_OBJC_ISA_USAGE = YES_ERROR;
				CLANG_WARN_DOCUMENTATION_COMMENTS = YES;
				CLANG_WARN_EMPTY_BODY = YES;
				CLANG_WARN_ENUM_CONVERSION = YES;
				CLANG_WARN_INFINITE_RECURSION = YES;
				CLANG_WARN_INT_CONVERSION = YES;
				CLANG_WARN_NON_LITERAL_NULL_CONVERSION = YES;
				CLANG_WARN_OBJC_IMPLICIT_RETAIN_SELF = YES;
				CLANG_WARN_OBJC_LITERAL_CONVERSION = YES;
				CLANG_WARN_OBJC_ROOT_CLASS = YES_ERROR;
				CLANG_WARN_RANGE_LOOP_ANALYSIS = YES;
				CLANG_WARN_STRICT_PROTOTYPES = YES;
				CLANG_WARN_SUSPICIOUS_MOVE = YES;
				CLANG_WARN_UNGUARDED_AVAILABILITY = YES_AGGRESSIVE;
				CLANG_WARN_UNREACHABLE_CODE = YES;
				CLANG_WARN__DUPLICATE_METHOD_MATCH = YES;
				CODE_SIGN_IDENTITY = "iPhone Developer";
				COPY_PHASE_STRIP = NO;
				DEBUG_INFORMATION_FORMAT = dwarf;
				ENABLE_STRICT_OBJC_MSGSEND = YES;
				ENABLE_TESTABILITY = YES;
				GCC_C_LANGUAGE_STANDARD = gnu11;
				GCC_DYNAMIC_NO_PIC = NO;
				GCC_NO_COMMON_BLOCKS = YES;
				GCC_OPTIMIZATION_LEVEL = 0;
				GCC_PREPROCESSOR_DEFINITIONS = (
					"DEBUG=1",
					"$(inherited)",
				);
				GCC_WARN_64_TO_32_BIT_CONVERSION = YES;
				GCC_WARN_ABOUT_RETURN_TYPE = YES_ERROR;
				GCC_WARN_UNDECLARED_SELECTOR = YES;
				GCC_WARN_UNINITIALIZED_AUTOS = YES_AGGRESSIVE;
				GCC_WARN_UNUSED_FUNCTION = YES;
				GCC_WARN_UNUSED_VARIABLE = YES;
				IPHONEOS_DEPLOYMENT_TARGET = 12.0;
				MTL_ENABLE_DEBUG_INFO = INCLUDE_SOURCE;
				MTL_FAST_MATH = YES;
				ONLY_ACTIVE_ARCH = YES;
				SDKROOT = iphoneos;
				SWIFT_ACTIVE_COMPILATION_CONDITIONS = DEBUG;
				SWIFT_OPTIMIZATION_LEVEL = "-Onone";
			};
			name = Debug;
		};
		9A19229321736ED3002B9031 /* Release */ = {
			isa = XCBuildConfiguration;
			buildSettings = {
				ALWAYS_SEARCH_USER_PATHS = NO;
				CLANG_ANALYZER_NONNULL = YES;
				CLANG_ANALYZER_NUMBER_OBJECT_CONVERSION = YES_AGGRESSIVE;
				CLANG_CXX_LANGUAGE_STANDARD = "gnu++14";
				CLANG_CXX_LIBRARY = "libc++";
				CLANG_ENABLE_MODULES = YES;
				CLANG_ENABLE_OBJC_ARC = YES;
				CLANG_ENABLE_OBJC_WEAK = YES;
				CLANG_WARN_BLOCK_CAPTURE_AUTORELEASING = YES;
				CLANG_WARN_BOOL_CONVERSION = YES;
				CLANG_WARN_COMMA = YES;
				CLANG_WARN_CONSTANT_CONVERSION = YES;
				CLANG_WARN_DEPRECATED_OBJC_IMPLEMENTATIONS = YES;
				CLANG_WARN_DIRECT_OBJC_ISA_USAGE = YES_ERROR;
				CLANG_WARN_DOCUMENTATION_COMMENTS = YES;
				CLANG_WARN_EMPTY_BODY = YES;
				CLANG_WARN_ENUM_CONVERSION = YES;
				CLANG_WARN_INFINITE_RECURSION = YES;
				CLANG_WARN_INT_CONVERSION = YES;
				CLANG_WARN_NON_LITERAL_NULL_CONVERSION = YES;
				CLANG_WARN_OBJC_IMPLICIT_RETAIN_SELF = YES;
				CLANG_WARN_OBJC_LITERAL_CONVERSION = YES;
				CLANG_WARN_OBJC_ROOT_CLASS = YES_ERROR;
				CLANG_WARN_RANGE_LOOP_ANALYSIS = YES;
				CLANG_WARN_STRICT_PROTOTYPES = YES;
				CLANG_WARN_SUSPICIOUS_MOVE = YES;
				CLANG_WARN_UNGUARDED_AVAILABILITY = YES_AGGRESSIVE;
				CLANG_WARN_UNREACHABLE_CODE = YES;
				CLANG_WARN__DUPLICATE_METHOD_MATCH = YES;
				CODE_SIGN_IDENTITY = "iPhone Developer";
				COPY_PHASE_STRIP = NO;
				DEBUG_INFORMATION_FORMAT = "dwarf-with-dsym";
				ENABLE_NS_ASSERTIONS = NO;
				ENABLE_STRICT_OBJC_MSGSEND = YES;
				GCC_C_LANGUAGE_STANDARD = gnu11;
				GCC_NO_COMMON_BLOCKS = YES;
				GCC_WARN_64_TO_32_BIT_CONVERSION = YES;
				GCC_WARN_ABOUT_RETURN_TYPE = YES_ERROR;
				GCC_WARN_UNDECLARED_SELECTOR = YES;
				GCC_WARN_UNINITIALIZED_AUTOS = YES_AGGRESSIVE;
				GCC_WARN_UNUSED_FUNCTION = YES;
				GCC_WARN_UNUSED_VARIABLE = YES;
				IPHONEOS_DEPLOYMENT_TARGET = 12.0;
				MTL_ENABLE_DEBUG_INFO = NO;
				MTL_FAST_MATH = YES;
				SDKROOT = iphoneos;
				SWIFT_COMPILATION_MODE = wholemodule;
				SWIFT_OPTIMIZATION_LEVEL = "-O";
				VALIDATE_PRODUCT = YES;
			};
			name = Release;
		};
		9A19229521736ED3002B9031 /* Debug */ = {
			isa = XCBuildConfiguration;
			buildSettings = {
				ASSETCATALOG_COMPILER_APPICON_NAME = AppIcon;
				CODE_SIGN_STYLE = Automatic;
				INFOPLIST_FILE = EditLits/Info.plist;
				LD_RUNPATH_SEARCH_PATHS = (
					"$(inherited)",
					"@executable_path/Frameworks",
				);
				PRODUCT_BUNDLE_IDENTIFIER = "Flavio-Lazzarini.EditLits";
				PRODUCT_NAME = "$(TARGET_NAME)";
				SWIFT_VERSION = 4.2;
				TARGETED_DEVICE_FAMILY = "1,2";
			};
			name = Debug;
		};
		9A19229621736ED3002B9031 /* Release */ = {
			isa = XCBuildConfiguration;
			buildSettings = {
				ASSETCATALOG_COMPILER_APPICON_NAME = AppIcon;
				CODE_SIGN_STYLE = Automatic;
				INFOPLIST_FILE = EditLits/Info.plist;
				LD_RUNPATH_SEARCH_PATHS = (
					"$(inherited)",
					"@executable_path/Frameworks",
				);
				PRODUCT_BUNDLE_IDENTIFIER = "Flavio-Lazzarini.EditLits";
				PRODUCT_NAME = "$(TARGET_NAME)";
				SWIFT_VERSION = 4.2;
				TARGETED_DEVICE_FAMILY = "1,2";
			};
			name = Release;
		};
/* End XCBuildConfiguration section */

/* Begin XCConfigurationList section */
		9A19227B21736ED1002B9031 /* Build configuration list for PBXProject "EditLits" */ = {
			isa = XCConfigurationList;
			buildConfigurations = (
				9A19229221736ED3002B9031 /* Debug */,
				9A19229321736ED3002B9031 /* Release */,
			);
			defaultConfigurationIsVisible = 0;
			defaultConfigurationName = Release;
		};
		9A19229421736ED3002B9031 /* Build configuration list for PBXNativeTarget "EditLits" */ = {
			isa = XCConfigurationList;
			buildConfigurations = (
				9A19229521736ED3002B9031 /* Debug */,
				9A19229621736ED3002B9031 /* Release */,
			);
			defaultConfigurationIsVisible = 0;
			defaultConfigurationName = Release;
		};
/* End XCConfigurationList section */
	};
	rootObject = 9A19227821736ED1002B9031 /* Project object */;
}
