// !$*UTF8*$!
{
	archiveVersion = 1;
	classes = {
	};
	objectVersion = 50;
	objects = {

/* Begin PBXBuildFile section */
		9A6ADB00217C9DDC00440FB3 /* AppDelegate.swift in Sources */ = {isa = PBXBuildFile; fileRef = 9A6ADAFF217C9DDC00440FB3 /* AppDelegate.swift */; };
		9A6ADB02217C9DDC00440FB3 /* ViewController.swift in Sources */ = {isa = PBXBuildFile; fileRef = 9A6ADB01217C9DDC00440FB3 /* ViewController.swift */; };
		9A6ADB05217C9DDC00440FB3 /* Main.storyboard in Resources */ = {isa = PBXBuildFile; fileRef = 9A6ADB03217C9DDC00440FB3 /* Main.storyboard */; };
		9A6ADB07217C9DDD00440FB3 /* Assets.xcassets in Resources */ = {isa = PBXBuildFile; fileRef = 9A6ADB06217C9DDD00440FB3 /* Assets.xcassets */; };
		9A6ADB0A217C9DDD00440FB3 /* LaunchScreen.storyboard in Resources */ = {isa = PBXBuildFile; fileRef = 9A6ADB08217C9DDD00440FB3 /* LaunchScreen.storyboard */; };
		9A6ADB15217CD88D00440FB3 /* Localizable.strings in Resources */ = {isa = PBXBuildFile; fileRef = 9A6ADB13217CD88D00440FB3 /* Localizable.strings */; };
/* End PBXBuildFile section */

/* Begin PBXFileReference section */
		9A6ADAFC217C9DDC00440FB3 /* AdaptiveApp.app */ = {isa = PBXFileReference; explicitFileType = wrapper.application; includeInIndex = 0; path = AdaptiveApp.app; sourceTree = BUILT_PRODUCTS_DIR; };
		9A6ADAFF217C9DDC00440FB3 /* AppDelegate.swift */ = {isa = PBXFileReference; lastKnownFileType = sourcecode.swift; path = AppDelegate.swift; sourceTree = "<group>"; };
		9A6ADB01217C9DDC00440FB3 /* ViewController.swift */ = {isa = PBXFileReference; lastKnownFileType = sourcecode.swift; path = ViewController.swift; sourceTree = "<group>"; };
		9A6ADB04217C9DDC00440FB3 /* Base */ = {isa = PBXFileReference; lastKnownFileType = file.storyboard; name = Base; path = Base.lproj/Main.storyboard; sourceTree = "<group>"; };
		9A6ADB06217C9DDD00440FB3 /* Assets.xcassets */ = {isa = PBXFileReference; lastKnownFileType = folder.assetcatalog; path = Assets.xcassets; sourceTree = "<group>"; };
		9A6ADB09217C9DDD00440FB3 /* Base */ = {isa = PBXFileReference; lastKnownFileType = file.storyboard; name = Base; path = Base.lproj/LaunchScreen.storyboard; sourceTree = "<group>"; };
		9A6ADB0B217C9DDD00440FB3 /* Info.plist */ = {isa = PBXFileReference; lastKnownFileType = text.plist.xml; path = Info.plist; sourceTree = "<group>"; };
		9A6ADB11217CD5C000440FB3 /* de */ = {isa = PBXFileReference; lastKnownFileType = text.plist.strings; name = de; path = de.lproj/Main.strings; sourceTree = "<group>"; };
		9A6ADB12217CD5C000440FB3 /* de */ = {isa = PBXFileReference; lastKnownFileType = text.plist.strings; name = de; path = de.lproj/LaunchScreen.strings; sourceTree = "<group>"; };
		9A6ADB14217CD88D00440FB3 /* Base */ = {isa = PBXFileReference; lastKnownFileType = text.plist.strings; name = Base; path = Base.lproj/Localizable.strings; sourceTree = "<group>"; };
		9A6ADB16217CD8AB00440FB3 /* de */ = {isa = PBXFileReference; lastKnownFileType = text.plist.strings; name = de; path = de.lproj/Localizable.strings; sourceTree = "<group>"; };
/* End PBXFileReference section */

/* Begin PBXFrameworksBuildPhase section */
		9A6ADAF9217C9DDC00440FB3 /* Frameworks */ = {
			isa = PBXFrameworksBuildPhase;
			buildActionMask = 2147483647;
			files = (
			);
			runOnlyForDeploymentPostprocessing = 0;
		};
/* End PBXFrameworksBuildPhase section */

/* Begin PBXGroup section */
		9A6ADAF3217C9DDC00440FB3 = {
			isa = PBXGroup;
			children = (
				9A6ADAFE217C9DDC00440FB3 /* AdaptiveApp */,
				9A6ADAFD217C9DDC00440FB3 /* Products */,
			);
			sourceTree = "<group>";
		};
		9A6ADAFD217C9DDC00440FB3 /* Products */ = {
			isa = PBXGroup;
			children = (
				9A6ADAFC217C9DDC00440FB3 /* AdaptiveApp.app */,
			);
			name = Products;
			sourceTree = "<group>";
		};
		9A6ADAFE217C9DDC00440FB3 /* AdaptiveApp */ = {
			isa = PBXGroup;
			children = (
				9A6ADAFF217C9DDC00440FB3 /* AppDelegate.swift */,
				9A6ADB01217C9DDC00440FB3 /* ViewController.swift */,
				9A6ADB13217CD88D00440FB3 /* Localizable.strings */,
				9A6ADB03217C9DDC00440FB3 /* Main.storyboard */,
				9A6ADB06217C9DDD00440FB3 /* Assets.xcassets */,
				9A6ADB08217C9DDD00440FB3 /* LaunchScreen.storyboard */,
				9A6ADB0B217C9DDD00440FB3 /* Info.plist */,
			);
			path = AdaptiveApp;
			sourceTree = "<group>";
		};
/* End PBXGroup section */

/* Begin PBXNativeTarget section */
		9A6ADAFB217C9DDC00440FB3 /* AdaptiveApp */ = {
			isa = PBXNativeTarget;
			buildConfigurationList = 9A6ADB0E217C9DDD00440FB3 /* Build configuration list for PBXNativeTarget "AdaptiveApp" */;
			buildPhases = (
				9A6ADAF8217C9DDC00440FB3 /* Sources */,
				9A6ADAF9217C9DDC00440FB3 /* Frameworks */,
				9A6ADAFA217C9DDC00440FB3 /* Resources */,
			);
			buildRules = (
			);
			dependencies = (
			);
			name = AdaptiveApp;
			productName = AdaptiveApp;
			productReference = 9A6ADAFC217C9DDC00440FB3 /* AdaptiveApp.app */;
			productType = "com.apple.product-type.application";
		};
/* End PBXNativeTarget section */

/* Begin PBXProject section */
		9A6ADAF4217C9DDC00440FB3 /* Project object */ = {
			isa = PBXProject;
			attributes = {
				LastSwiftUpdateCheck = 1000;
				LastUpgradeCheck = 1000;
				ORGANIZATIONNAME = "Flavio Lazzarini";
				TargetAttributes = {
					9A6ADAFB217C9DDC00440FB3 = {
						CreatedOnToolsVersion = 10.0;
					};
				};
			};
			buildConfigurationList = 9A6ADAF7217C9DDC00440FB3 /* Build configuration list for PBXProject "AdaptiveApp" */;
			compatibilityVersion = "Xcode 9.3";
			developmentRegion = en;
			hasScannedForEncodings = 0;
			knownRegions = (
				en,
				Base,
				de,
			);
			mainGroup = 9A6ADAF3217C9DDC00440FB3;
			productRefGroup = 9A6ADAFD217C9DDC00440FB3 /* Products */;
			projectDirPath = "";
			projectRoot = "";
			targets = (
				9A6ADAFB217C9DDC00440FB3 /* AdaptiveApp */,
			);
		};
/* End PBXProject section */

/* Begin PBXResourcesBuildPhase section */
		9A6ADAFA217C9DDC00440FB3 /* Resources */ = {
			isa = PBXResourcesBuildPhase;
			buildActionMask = 2147483647;
			files = (
				9A6ADB0A217C9DDD00440FB3 /* LaunchScreen.storyboard in Resources */,
				9A6ADB15217CD88D00440FB3 /* Localizable.strings in Resources */,
				9A6ADB07217C9DDD00440FB3 /* Assets.xcassets in Resources */,
				9A6ADB05217C9DDC00440FB3 /* Main.storyboard in Resources */,
			);
			runOnlyForDeploymentPostprocessing = 0;
		};
/* End PBXResourcesBuildPhase section */

/* Begin PBXSourcesBuildPhase section */
		9A6ADAF8217C9DDC00440FB3 /* Sources */ = {
			isa = PBXSourcesBuildPhase;
			buildActionMask = 2147483647;
			files = (
				9A6ADB02217C9DDC00440FB3 /* ViewController.swift in Sources */,
				9A6ADB00217C9DDC00440FB3 /* AppDelegate.swift in Sources */,
			);
			runOnlyForDeploymentPostprocessing = 0;
		};
/* End PBXSourcesBuildPhase section */

/* Begin PBXVariantGroup section */
		9A6ADB03217C9DDC00440FB3 /* Main.storyboard */ = {
			isa = PBXVariantGroup;
			children = (
				9A6ADB04217C9DDC00440FB3 /* Base */,
				9A6ADB11217CD5C000440FB3 /* de */,
			);
			name = Main.storyboard;
			sourceTree = "<group>";
		};
		9A6ADB08217C9DDD00440FB3 /* LaunchScreen.storyboard */ = {
			isa = PBXVariantGroup;
			children = (
				9A6ADB09217C9DDD00440FB3 /* Base */,
				9A6ADB12217CD5C000440FB3 /* de */,
			);
			name = LaunchScreen.storyboard;
			sourceTree = "<group>";
		};
		9A6ADB13217CD88D00440FB3 /* Localizable.strings */ = {
			isa = PBXVariantGroup;
			children = (
				9A6ADB14217CD88D00440FB3 /* Base */,
				9A6ADB16217CD8AB00440FB3 /* de */,
			);
			name = Localizable.strings;
			sourceTree = "<group>";
		};
/* End PBXVariantGroup section */

/* Begin XCBuildConfiguration section */
		9A6ADB0C217C9DDD00440FB3 /* Debug */ = {
			isa = XCBuildConfiguration;
			buildSettings = {
				ALWAYS_SEARCH_USER_PATHS = NO;
				CLANG_ANALYZER_LOCALIZABILITY_NONLOCALIZED = YES;
				CLANG_ANALYZER_NONNULL = YES;
				CLANG_ANALYZER_NUMBER_OBJECT_CONVERSION = YES_AGGRESSIVE;
				CLANG_CXX_LANGUAGE_STANDARD = "gnu++14";
				CLANG_CXX_LIBRARY = "libc++";
				CLANG_ENABLE_MODULES = YES;
				CLANG_ENABLE_OBJC_ARC = YES;
				CLANG_ENABLE_OBJC_WEAK = YES;
				CLANG_WARN_BLOCK_CAPTURE_AUTORELEASING = YES;
				CLANG_WARN_BOOL_CONVERSION = YES;
				CLANG_WARN_COMMA = YES;
				CLANG_WARN_CONSTANT_CONVERSION = YES;
				CLANG_WARN_DEPRECATED_OBJC_IMPLEMENTATIONS = YES;
				CLANG_WARN_DIRECT_OBJC_ISA_USAGE = YES_ERROR;
				CLANG_WARN_DOCUMENTATION_COMMENTS = YES;
				CLANG_WARN_EMPTY_BODY = YES;
				CLANG_WARN_ENUM_CONVERSION = YES;
				CLANG_WARN_INFINITE_RECURSION = YES;
				CLANG_WARN_INT_CONVERSION = YES;
				CLANG_WARN_NON_LITERAL_NULL_CONVERSION = YES;
				CLANG_WARN_OBJC_IMPLICIT_RETAIN_SELF = YES;
				CLANG_WARN_OBJC_LITERAL_CONVERSION = YES;
				CLANG_WARN_OBJC_ROOT_CLASS = YES_ERROR;
				CLANG_WARN_RANGE_LOOP_ANALYSIS = YES;
				CLANG_WARN_STRICT_PROTOTYPES = YES;
				CLANG_WARN_SUSPICIOUS_MOVE = YES;
				CLANG_WARN_UNGUARDED_AVAILABILITY = YES_AGGRESSIVE;
				CLANG_WARN_UNREACHABLE_CODE = YES;
				CLANG_WARN__DUPLICATE_METHOD_MATCH = YES;
				CODE_SIGN_IDENTITY = "iPhone Developer";
				COPY_PHASE_STRIP = NO;
				DEBUG_INFORMATION_FORMAT = dwarf;
				ENABLE_STRICT_OBJC_MSGSEND = YES;
				ENABLE_TESTABILITY = YES;
				GCC_C_LANGUAGE_STANDARD = gnu11;
				GCC_DYNAMIC_NO_PIC = NO;
				GCC_NO_COMMON_BLOCKS = YES;
				GCC_OPTIMIZATION_LEVEL = 0;
				GCC_PREPROCESSOR_DEFINITIONS = (
					"DEBUG=1",
					"$(inherited)",
				);
				GCC_WARN_64_TO_32_BIT_CONVERSION = YES;
				GCC_WARN_ABOUT_RETURN_TYPE = YES_ERROR;
				GCC_WARN_UNDECLARED_SELECTOR = YES;
				GCC_WARN_UNINITIALIZED_AUTOS = YES_AGGRESSIVE;
				GCC_WARN_UNUSED_FUNCTION = YES;
				GCC_WARN_UNUSED_VARIABLE = YES;
				IPHONEOS_DEPLOYMENT_TARGET = 12.0;
				MTL_ENABLE_DEBUG_INFO = INCLUDE_SOURCE;
				MTL_FAST_MATH = YES;
				ONLY_ACTIVE_ARCH = YES;
				SDKROOT = iphoneos;
				SWIFT_ACTIVE_COMPILATION_CONDITIONS = DEBUG;
				SWIFT_OPTIMIZATION_LEVEL = "-Onone";
			};
			name = Debug;
		};
		9A6ADB0D217C9DDD00440FB3 /* Release */ = {
			isa = XCBuildConfiguration;
			buildSettings = {
				ALWAYS_SEARCH_USER_PATHS = NO;
				CLANG_ANALYZER_LOCALIZABILITY_NONLOCALIZED = YES;
				CLANG_ANALYZER_NONNULL = YES;
				CLANG_ANALYZER_NUMBER_OBJECT_CONVERSION = YES_AGGRESSIVE;
				CLANG_CXX_LANGUAGE_STANDARD = "gnu++14";
				CLANG_CXX_LIBRARY = "libc++";
				CLANG_ENABLE_MODULES = YES;
				CLANG_ENABLE_OBJC_ARC = YES;
				CLANG_ENABLE_OBJC_WEAK = YES;
				CLANG_WARN_BLOCK_CAPTURE_AUTORELEASING = YES;
				CLANG_WARN_BOOL_CONVERSION = YES;
				CLANG_WARN_COMMA = YES;
				CLANG_WARN_CONSTANT_CONVERSION = YES;
				CLANG_WARN_DEPRECATED_OBJC_IMPLEMENTATIONS = YES;
				CLANG_WARN_DIRECT_OBJC_ISA_USAGE = YES_ERROR;
				CLANG_WARN_DOCUMENTATION_COMMENTS = YES;
				CLANG_WARN_EMPTY_BODY = YES;
				CLANG_WARN_ENUM_CONVERSION = YES;
				CLANG_WARN_INFINITE_RECURSION = YES;
				CLANG_WARN_INT_CONVERSION = YES;
				CLANG_WARN_NON_LITERAL_NULL_CONVERSION = YES;
				CLANG_WARN_OBJC_IMPLICIT_RETAIN_SELF = YES;
				CLANG_WARN_OBJC_LITERAL_CONVERSION = YES;
				CLANG_WARN_OBJC_ROOT_CLASS = YES_ERROR;
				CLANG_WARN_RANGE_LOOP_ANALYSIS = YES;
				CLANG_WARN_STRICT_PROTOTYPES = YES;
				CLANG_WARN_SUSPICIOUS_MOVE = YES;
				CLANG_WARN_UNGUARDED_AVAILABILITY = YES_AGGRESSIVE;
				CLANG_WARN_UNREACHABLE_CODE = YES;
				CLANG_WARN__DUPLICATE_METHOD_MATCH = YES;
				CODE_SIGN_IDENTITY = "iPhone Developer";
				COPY_PHASE_STRIP = NO;
				DEBUG_INFORMATION_FORMAT = "dwarf-with-dsym";
				ENABLE_NS_ASSERTIONS = NO;
				ENABLE_STRICT_OBJC_MSGSEND = YES;
				GCC_C_LANGUAGE_STANDARD = gnu11;
				GCC_NO_COMMON_BLOCKS = YES;
				GCC_WARN_64_TO_32_BIT_CONVERSION = YES;
				GCC_WARN_ABOUT_RETURN_TYPE = YES_ERROR;
				GCC_WARN_UNDECLARED_SELECTOR = YES;
				GCC_WARN_UNINITIALIZED_AUTOS = YES_AGGRESSIVE;
				GCC_WARN_UNUSED_FUNCTION = YES;
				GCC_WARN_UNUSED_VARIABLE = YES;
				IPHONEOS_DEPLOYMENT_TARGET = 12.0;
				MTL_ENABLE_DEBUG_INFO = NO;
				MTL_FAST_MATH = YES;
				SDKROOT = iphoneos;
				SWIFT_COMPILATION_MODE = wholemodule;
				SWIFT_OPTIMIZATION_LEVEL = "-O";
				VALIDATE_PRODUCT = YES;
			};
			name = Release;
		};
		9A6ADB0F217C9DDD00440FB3 /* Debug */ = {
			isa = XCBuildConfiguration;
			buildSettings = {
				ASSETCATALOG_COMPILER_APPICON_NAME = AppIcon;
				CODE_SIGN_STYLE = Automatic;
				INFOPLIST_FILE = AdaptiveApp/Info.plist;
				LD_RUNPATH_SEARCH_PATHS = (
					"$(inherited)",
					"@executable_path/Frameworks",
				);
				PRODUCT_BUNDLE_IDENTIFIER = "Flavio-Lazzarini.AdaptiveApp";
				PRODUCT_NAME = "$(TARGET_NAME)";
				SWIFT_VERSION = 4.2;
				TARGETED_DEVICE_FAMILY = "1,2";
			};
			name = Debug;
		};
		9A6ADB10217C9DDD00440FB3 /* Release */ = {
			isa = XCBuildConfiguration;
			buildSettings = {
				ASSETCATALOG_COMPILER_APPICON_NAME = AppIcon;
				CODE_SIGN_STYLE = Automatic;
				INFOPLIST_FILE = AdaptiveApp/Info.plist;
				LD_RUNPATH_SEARCH_PATHS = (
					"$(inherited)",
					"@executable_path/Frameworks",
				);
				PRODUCT_BUNDLE_IDENTIFIER = "Flavio-Lazzarini.AdaptiveApp";
				PRODUCT_NAME = "$(TARGET_NAME)";
				SWIFT_VERSION = 4.2;
				TARGETED_DEVICE_FAMILY = "1,2";
			};
			name = Release;
		};
/* End XCBuildConfiguration section */

/* Begin XCConfigurationList section */
		9A6ADAF7217C9DDC00440FB3 /* Build configuration list for PBXProject "AdaptiveApp" */ = {
			isa = XCConfigurationList;
			buildConfigurations = (
				9A6ADB0C217C9DDD00440FB3 /* Debug */,
				9A6ADB0D217C9DDD00440FB3 /* Release */,
			);
			defaultConfigurationIsVisible = 0;
			defaultConfigurationName = Release;
		};
		9A6ADB0E217C9DDD00440FB3 /* Build configuration list for PBXNativeTarget "AdaptiveApp" */ = {
			isa = XCConfigurationList;
			buildConfigurations = (
				9A6ADB0F217C9DDD00440FB3 /* Debug */,
				9A6ADB10217C9DDD00440FB3 /* Release */,
			);
			defaultConfigurationIsVisible = 0;
			defaultConfigurationName = Release;
		};
/* End XCConfigurationList section */
	};
	rootObject = 9A6ADAF4217C9DDC00440FB3 /* Project object */;
}
